
Microsoft Visual Studio Solution File, Format Version 12.00
# Visual Studio Version 16
VisualStudioVersion = 16.0.31515.178
MinimumVisualStudioVersion = 10.0.40219.1
Project("{FAE04EC0-301F-11D3-BF4B-00C04F79EFBC}") = "Net5.Api", "src\Net5.Api\Net5.Api.csproj", "{17384F5C-A9AB-49AB-90A5-D31578E26564}"
EndProject
Project("{FAE04EC0-301F-11D3-BF4B-00C04F79EFBC}") = "Net5.Application", "src\Net5.Application\Net5.Application.csproj", "{66D83472-7F0D-4DC4-8412-EAA226ED8DBA}"
EndProject
Project("{FAE04EC0-301F-11D3-BF4B-00C04F79EFBC}") = "Net5.Tests", "tests\Net5.Tests\Net5.Tests.csproj", "{7E7FE324-66BB-4A37-8AC7-184498E3AD38}"
EndProject
Global
	GlobalSection(SolutionConfigurationPlatforms) = preSolution
		Debug|Any CPU = Debug|Any CPU
		Release|Any CPU = Release|Any CPU
	EndGlobalSection
	GlobalSection(ProjectConfigurationPlatforms) = postSolution
		{17384F5C-A9AB-49AB-90A5-D31578E26564}.Debug|Any CPU.ActiveCfg = Debug|Any CPU
		{17384F5C-A9AB-49AB-90A5-D31578E26564}.Debug|Any CPU.Build.0 = Debug|Any CPU
		{17384F5C-A9AB-49AB-90A5-D31578E26564}.Release|Any CPU.ActiveCfg = Release|Any CPU
		{17384F5C-A9AB-49AB-90A5-D31578E26564}.Release|Any CPU.Build.0 = Release|Any CPU
		{66D83472-7F0D-4DC4-8412-EAA226ED8DBA}.Debug|Any CPU.ActiveCfg = Debug|Any CPU
		{66D83472-7F0D-4DC4-8412-EAA226ED8DBA}.Debug|Any CPU.Build.0 = Debug|Any CPU
		{66D83472-7F0D-4DC4-8412-EAA226ED8DBA}.Release|Any CPU.ActiveCfg = Release|Any CPU
		{66D83472-7F0D-4DC4-8412-EAA226ED8DBA}.Release|Any CPU.Build.0 = Release|Any CPU
		{7E7FE324-66BB-4A37-8AC7-184498E3AD38}.Debug|Any CPU.ActiveCfg = Debug|Any CPU
		{7E7FE324-66BB-4A37-8AC7-184498E3AD38}.Debug|Any CPU.Build.0 = Debug|Any CPU
		{7E7FE324-66BB-4A37-8AC7-184498E3AD38}.Release|Any CPU.ActiveCfg = Release|Any CPU
		{7E7FE324-66BB-4A37-8AC7-184498E3AD38}.Release|Any CPU.Build.0 = Release|Any CPU
	EndGlobalSection
	GlobalSection(SolutionProperties) = preSolution
		HideSolutionNode = FALSE
	EndGlobalSection
	GlobalSection(ExtensibilityGlobals) = postSolution
		SolutionGuid = {4A5D29F9-1CD1-4636-8207-DFADE2D38201}
	EndGlobalSection
EndGlobal
